
Microsoft Visual Studio Solution File, Format Version 12.00
# Visual Studio Version 17
VisualStudioVersion = 17.14.36327.8 d17.14
MinimumVisualStudioVersion = 10.0.40219.1
Project("{FAE04EC0-301F-11D3-BF4B-00C04F79EFBC}") = "MVCEtWebAPI", "MVCEtWebAPI.csproj", "{809EC767-D851-404E-8F3E-A307FE2CFC46}"
EndProject
Project("{FAE04EC0-301F-11D3-BF4B-00C04F79EFBC}") = "Models", "..\Models\Models.csproj", "{4B91AB82-E0BE-4AA5-946A-072472F3FE6E}"
EndProject
Project("{FAE04EC0-301F-11D3-BF4B-00C04F79EFBC}") = "WebAPI", "..\WebAPI\WebAPI.csproj", "{A1B30ED4-38A0-4ACC-93C3-3804A5B86988}"
	ProjectSection(ProjectDependencies) = postProject
		{4B91AB82-E0BE-4AA5-946A-072472F3FE6E} = {4B91AB82-E0BE-4AA5-946A-072472F3FE6E}
	EndProjectSection
EndProject
Global
	GlobalSection(SolutionConfigurationPlatforms) = preSolution
		Debug|Any CPU = Debug|Any CPU
		Release|Any CPU = Release|Any CPU
	EndGlobalSection
	GlobalSection(ProjectConfigurationPlatforms) = postSolution
		{809EC767-D851-404E-8F3E-A307FE2CFC46}.Debug|Any CPU.ActiveCfg = Debug|Any CPU
		{809EC767-D851-404E-8F3E-A307FE2CFC46}.Debug|Any CPU.Build.0 = Debug|Any CPU
		{809EC767-D851-404E-8F3E-A307FE2CFC46}.Release|Any CPU.ActiveCfg = Release|Any CPU
		{809EC767-D851-404E-8F3E-A307FE2CFC46}.Release|Any CPU.Build.0 = Release|Any CPU
		{4B91AB82-E0BE-4AA5-946A-072472F3FE6E}.Debug|Any CPU.ActiveCfg = Debug|Any CPU
		{4B91AB82-E0BE-4AA5-946A-072472F3FE6E}.Debug|Any CPU.Build.0 = Debug|Any CPU
		{4B91AB82-E0BE-4AA5-946A-072472F3FE6E}.Release|Any CPU.ActiveCfg = Release|Any CPU
		{4B91AB82-E0BE-4AA5-946A-072472F3FE6E}.Release|Any CPU.Build.0 = Release|Any CPU
		{A1B30ED4-38A0-4ACC-93C3-3804A5B86988}.Debug|Any CPU.ActiveCfg = Debug|Any CPU
		{A1B30ED4-38A0-4ACC-93C3-3804A5B86988}.Debug|Any CPU.Build.0 = Debug|Any CPU
		{A1B30ED4-38A0-4ACC-93C3-3804A5B86988}.Release|Any CPU.ActiveCfg = Release|Any CPU
		{A1B30ED4-38A0-4ACC-93C3-3804A5B86988}.Release|Any CPU.Build.0 = Release|Any CPU
	EndGlobalSection
	GlobalSection(SolutionProperties) = preSolution
		HideSolutionNode = FALSE
	EndGlobalSection
	GlobalSection(ExtensibilityGlobals) = postSolution
		SolutionGuid = {1CF71230-5954-4935-B02F-D10F407D8111}
	EndGlobalSection
EndGlobal
